
Microsoft Visual Studio Solution File, Format Version 12.00
# Visual Studio Version 16
VisualStudioVersion = 16.0.29613.14
MinimumVisualStudioVersion = 10.0.40219.1
Project("{FAE04EC0-301F-11D3-BF4B-00C04F79EFBC}") = "test", "test\test.csproj", "{AF9EF281-9894-40EB-AF6C-CD728B29D59B}"
EndProject
Global
	GlobalSection(SolutionConfigurationPlatforms) = preSolution
		Debug|Any CPU = Debug|Any CPU
		Release|Any CPU = Release|Any CPU
	EndGlobalSection
	GlobalSection(ProjectConfigurationPlatforms) = postSolution
		{AF9EF281-9894-40EB-AF6C-CD728B29D59B}.Debug|Any CPU.ActiveCfg = Debug|Any CPU
		{AF9EF281-9894-40EB-AF6C-CD728B29D59B}.Debug|Any CPU.Build.0 = Debug|Any CPU
		{AF9EF281-9894-40EB-AF6C-CD728B29D59B}.Release|Any CPU.ActiveCfg = Release|Any CPU
		{AF9EF281-9894-40EB-AF6C-CD728B29D59B}.Release|Any CPU.Build.0 = Release|Any CPU
	EndGlobalSection
	GlobalSection(SolutionProperties) = preSolution
		HideSolutionNode = FALSE
	EndGlobalSection
	GlobalSection(ExtensibilityGlobals) = postSolution
		SolutionGuid = {5157A263-4E32-470C-9229-C21B7D8B819B}
	EndGlobalSection
EndGlobal
